
Microsoft Visual Studio Solution File, Format Version 12.00
# Visual Studio Version 17
VisualStudioVersion = 17.9.34607.119
MinimumVisualStudioVersion = 10.0.40219.1
Project("{FAE04EC0-301F-11D3-BF4B-00C04F79EFBC}") = "attendence", "WinFormsApp1\attendence.csproj", "{E9088806-D53B-4D95-94B9-F700483480DF}"
EndProject
Global
	GlobalSection(SolutionConfigurationPlatforms) = preSolution
		Debug|Any CPU = Debug|Any CPU
		Release|Any CPU = Release|Any CPU
	EndGlobalSection
	GlobalSection(ProjectConfigurationPlatforms) = postSolution
		{E9088806-D53B-4D95-94B9-F700483480DF}.Debug|Any CPU.ActiveCfg = Debug|Any CPU
		{E9088806-D53B-4D95-94B9-F700483480DF}.Debug|Any CPU.Build.0 = Debug|Any CPU
		{E9088806-D53B-4D95-94B9-F700483480DF}.Release|Any CPU.ActiveCfg = Release|Any CPU
		{E9088806-D53B-4D95-94B9-F700483480DF}.Release|Any CPU.Build.0 = Release|Any CPU
	EndGlobalSection
	GlobalSection(SolutionProperties) = preSolution
		HideSolutionNode = FALSE
	EndGlobalSection
	GlobalSection(ExtensibilityGlobals) = postSolution
		SolutionGuid = {D6CF5C8F-1241-4CC8-A036-44E4404841DC}
	EndGlobalSection
EndGlobal
